
Microsoft Visual Studio Solution File, Format Version 12.00
# Visual Studio Version 17
VisualStudioVersion = 17.3.32819.101
MinimumVisualStudioVersion = 10.0.40219.1
Project("{FAE04EC0-301F-11D3-BF4B-00C04F79EFBC}") = "OneRingToKillThemAll", "OneRingToKillThemAll\OneRingToKillThemAll.csproj", "{E622B7F3-1F92-4B9E-B613-05869BA511A4}"
EndProject
Global
	GlobalSection(SolutionConfigurationPlatforms) = preSolution
		Debug|Any CPU = Debug|Any CPU
		Release|Any CPU = Release|Any CPU
	EndGlobalSection
	GlobalSection(ProjectConfigurationPlatforms) = postSolution
		{E622B7F3-1F92-4B9E-B613-05869BA511A4}.Debug|Any CPU.ActiveCfg = Debug|Any CPU
		{E622B7F3-1F92-4B9E-B613-05869BA511A4}.Debug|Any CPU.Build.0 = Debug|Any CPU
		{E622B7F3-1F92-4B9E-B613-05869BA511A4}.Release|Any CPU.ActiveCfg = Release|Any CPU
		{E622B7F3-1F92-4B9E-B613-05869BA511A4}.Release|Any CPU.Build.0 = Release|Any CPU
	EndGlobalSection
	GlobalSection(SolutionProperties) = preSolution
		HideSolutionNode = FALSE
	EndGlobalSection
	GlobalSection(ExtensibilityGlobals) = postSolution
		SolutionGuid = {1DFC5BC5-4AB0-477E-B4C1-CEC437A7ABCB}
	EndGlobalSection
EndGlobal
